{
  "originHash" : "b88e4965ca30ad25333aa9b274b39df1c42c088cacaac6c695df81268cc7ea98",
  "pins" : [
    {
      "identity" : "nostr",
      "kind" : "remoteSourceControl",
      "location" : "https://github.com/Galaxoid-Labs/Nostr.git",
      "state" : {
        "branch" : "main",
        "revision" : "99cea0482a7b7e5486f3f5cf69008b6805d49eab"
      }
    },
    {
      "identity" : "secp256k1.swift",
      "kind" : "remoteSourceControl",
      "location" : "https://github.com/GigaBitcoin/secp256k1.swift.git",
      "state" : {
        "revision" : "347b84ed2aad2305a7233f2a48d76f41e52062a1",
        "version" : "0.16.0"
      }
    },
    {
      "identity" : "starscream",
      "kind" : "remoteSourceControl",
      "location" : "https://github.com/Galaxoid-Labs/Starscream.git",
      "state" : {
        "branch" : "linux_fix",
        "revision" : "56c77dd610d73670da8d473e1c1a52064da1f5c9"
      }
    }
  ],
  "version" : 3
}
