{
  "originHash" : "bcffef66fcf86652ff13fc6fe80f59d2a390adfe1287e0de1833d4a11cfccfcd",
  "pins" : [
    {
      "identity" : "nostr",
      "kind" : "remoteSourceControl",
      "location" : "https://github.com/Galaxoid-Labs/Nostr.git",
      "state" : {
        "branch" : "main",
        "revision" : "36a69f8eefbbaf23b56139cc9708313b3757ca69"
      }
    },
    {
      "identity" : "swift-secp256k1",
      "kind" : "remoteSourceControl",
      "location" : "https://github.com/21-DOT-DEV/swift-secp256k1.git",
      "state" : {
        "revision" : "9683e8e311c76d8114cd308b697dad2f9fc58fed",
        "version" : "0.17.0"
      }
    }
  ],
  "version" : 3
}
